// !$*UTF8*$!
{
	archiveVersion = 1;
	classes = {
	};
	objectVersion = 50;
	objects = {

/* Begin PBXBuildFile section */
		D1BC738C219AAA2100551FD4 /* AppDelegate.swift in Sources */ = {isa = PBXBuildFile; fileRef = D1BC738B219AAA2100551FD4 /* AppDelegate.swift */; };
		D1BC738E219AAA2100551FD4 /* ViewController.swift in Sources */ = {isa = PBXBuildFile; fileRef = D1BC738D219AAA2100551FD4 /* ViewController.swift */; };
		D1BC7391219AAA2100551FD4 /* Main.storyboard in Resources */ = {isa = PBXBuildFile; fileRef = D1BC738F219AAA2100551FD4 /* Main.storyboard */; };
		D1BC7393219AAA2300551FD4 /* Assets.xcassets in Resources */ = {isa = PBXBuildFile; fileRef = D1BC7392219AAA2300551FD4 /* Assets.xcassets */; };
		D1BC7396219AAA2300551FD4 /* LaunchScreen.storyboard in Resources */ = {isa = PBXBuildFile; fileRef = D1BC7394219AAA2300551FD4 /* LaunchScreen.storyboard */; };
		D1BC73A1219AAA2300551FD4 /* KotlinIOSTests.swift in Sources */ = {isa = PBXBuildFile; fileRef = D1BC73A0219AAA2300551FD4 /* KotlinIOSTests.swift */; };
		D1BC73AC219AAA2300551FD4 /* KotlinIOSUITests.swift in Sources */ = {isa = PBXBuildFile; fileRef = D1BC73AB219AAA2300551FD4 /* KotlinIOSUITests.swift */; };
		D1BC73BA219AAD5D00551FD4 /* SharedCode.framework in Frameworks */ = {isa = PBXBuildFile; fileRef = D1BC73B9219AAD5D00551FD4 /* SharedCode.framework */; };
		D1BC73BB219AAD5D00551FD4 /* SharedCode.framework in Embed Frameworks */ = {isa = PBXBuildFile; fileRef = D1BC73B9219AAD5D00551FD4 /* SharedCode.framework */; settings = {ATTRIBUTES = (CodeSignOnCopy, RemoveHeadersOnCopy, ); }; };
/* End PBXBuildFile section */

/* Begin PBXContainerItemProxy section */
		D1BC739D219AAA2300551FD4 /* PBXContainerItemProxy */ = {
			isa = PBXContainerItemProxy;
			containerPortal = D1BC7380219AAA2100551FD4 /* Project object */;
			proxyType = 1;
			remoteGlobalIDString = D1BC7387219AAA2100551FD4;
			remoteInfo = KotlinIOS;
		};
		D1BC73A8219AAA2300551FD4 /* PBXContainerItemProxy */ = {
			isa = PBXContainerItemProxy;
			containerPortal = D1BC7380219AAA2100551FD4 /* Project object */;
			proxyType = 1;
			remoteGlobalIDString = D1BC7387219AAA2100551FD4;
			remoteInfo = KotlinIOS;
		};
/* End PBXContainerItemProxy section */

/* Begin PBXCopyFilesBuildPhase section */
		D1BC73BC219AAD5D00551FD4 /* Embed Frameworks */ = {
			isa = PBXCopyFilesBuildPhase;
			buildActionMask = 2147483647;
			dstPath = "";
			dstSubfolderSpec = 10;
			files = (
				D1BC73BB219AAD5D00551FD4 /* SharedCode.framework in Embed Frameworks */,
			);
			name = "Embed Frameworks";
			runOnlyForDeploymentPostprocessing = 0;
		};
/* End PBXCopyFilesBuildPhase section */

/* Begin PBXFileReference section */
		D1BC7388219AAA2100551FD4 /* KotlinIOS.app */ = {isa = PBXFileReference; explicitFileType = wrapper.application; includeInIndex = 0; path = KotlinIOS.app; sourceTree = BUILT_PRODUCTS_DIR; };
		D1BC738B219AAA2100551FD4 /* AppDelegate.swift */ = {isa = PBXFileReference; lastKnownFileType = sourcecode.swift; path = AppDelegate.swift; sourceTree = "<group>"; };
		D1BC738D219AAA2100551FD4 /* ViewController.swift */ = {isa = PBXFileReference; lastKnownFileType = sourcecode.swift; path = ViewController.swift; sourceTree = "<group>"; };
		D1BC7390219AAA2100551FD4 /* Base */ = {isa = PBXFileReference; lastKnownFileType = file.storyboard; name = Base; path = Base.lproj/Main.storyboard; sourceTree = "<group>"; };
		D1BC7392219AAA2300551FD4 /* Assets.xcassets */ = {isa = PBXFileReference; lastKnownFileType = folder.assetcatalog; path = Assets.xcassets; sourceTree = "<group>"; };
		D1BC7395219AAA2300551FD4 /* Base */ = {isa = PBXFileReference; lastKnownFileType = file.storyboard; name = Base; path = Base.lproj/LaunchScreen.storyboard; sourceTree = "<group>"; };
		D1BC7397219AAA2300551FD4 /* Info.plist */ = {isa = PBXFileReference; lastKnownFileType = text.plist.xml; path = Info.plist; sourceTree = "<group>"; };
		D1BC739C219AAA2300551FD4 /* KotlinIOSTests.xctest */ = {isa = PBXFileReference; explicitFileType = wrapper.cfbundle; includeInIndex = 0; path = KotlinIOSTests.xctest; sourceTree = BUILT_PRODUCTS_DIR; };
		D1BC73A0219AAA2300551FD4 /* KotlinIOSTests.swift */ = {isa = PBXFileReference; lastKnownFileType = sourcecode.swift; path = KotlinIOSTests.swift; sourceTree = "<group>"; };
		D1BC73A2219AAA2300551FD4 /* Info.plist */ = {isa = PBXFileReference; lastKnownFileType = text.plist.xml; path = Info.plist; sourceTree = "<group>"; };
		D1BC73A7219AAA2300551FD4 /* KotlinIOSUITests.xctest */ = {isa = PBXFileReference; explicitFileType = wrapper.cfbundle; includeInIndex = 0; path = KotlinIOSUITests.xctest; sourceTree = BUILT_PRODUCTS_DIR; };
		D1BC73AB219AAA2300551FD4 /* KotlinIOSUITests.swift */ = {isa = PBXFileReference; lastKnownFileType = sourcecode.swift; path = KotlinIOSUITests.swift; sourceTree = "<group>"; };
		D1BC73AD219AAA2300551FD4 /* Info.plist */ = {isa = PBXFileReference; lastKnownFileType = text.plist.xml; path = Info.plist; sourceTree = "<group>"; };
		D1BC73B9219AAD5D00551FD4 /* SharedCode.framework */ = {isa = PBXFileReference; lastKnownFileType = wrapper.framework; name = SharedCode.framework; path = "../../SharedCode/build/xcode-frameworks/SharedCode.framework"; sourceTree = "<group>"; };
/* End PBXFileReference section */

/* Begin PBXFrameworksBuildPhase section */
		D1BC7385219AAA2100551FD4 /* Frameworks */ = {
			isa = PBXFrameworksBuildPhase;
			buildActionMask = 2147483647;
			files = (
				D1BC73BA219AAD5D00551FD4 /* SharedCode.framework in Frameworks */,
			);
			runOnlyForDeploymentPostprocessing = 0;
		};
		D1BC7399219AAA2300551FD4 /* Frameworks */ = {
			isa = PBXFrameworksBuildPhase;
			buildActionMask = 2147483647;
			files = (
			);
			runOnlyForDeploymentPostprocessing = 0;
		};
		D1BC73A4219AAA2300551FD4 /* Frameworks */ = {
			isa = PBXFrameworksBuildPhase;
			buildActionMask = 2147483647;
			files = (
			);
			runOnlyForDeploymentPostprocessing = 0;
		};
/* End PBXFrameworksBuildPhase section */

/* Begin PBXGroup section */
		D1BC737F219AAA2100551FD4 = {
			isa = PBXGroup;
			children = (
				D1BC73B9219AAD5D00551FD4 /* SharedCode.framework */,
				D1BC738A219AAA2100551FD4 /* KotlinIOS */,
				D1BC739F219AAA2300551FD4 /* KotlinIOSTests */,
				D1BC73AA219AAA2300551FD4 /* KotlinIOSUITests */,
				D1BC7389219AAA2100551FD4 /* Products */,
			);
			sourceTree = "<group>";
		};
		D1BC7389219AAA2100551FD4 /* Products */ = {
			isa = PBXGroup;
			children = (
				D1BC7388219AAA2100551FD4 /* KotlinIOS.app */,
				D1BC739C219AAA2300551FD4 /* KotlinIOSTests.xctest */,
				D1BC73A7219AAA2300551FD4 /* KotlinIOSUITests.xctest */,
			);
			name = Products;
			sourceTree = "<group>";
		};
		D1BC738A219AAA2100551FD4 /* KotlinIOS */ = {
			isa = PBXGroup;
			children = (
				D1BC738B219AAA2100551FD4 /* AppDelegate.swift */,
				D1BC738D219AAA2100551FD4 /* ViewController.swift */,
				D1BC738F219AAA2100551FD4 /* Main.storyboard */,
				D1BC7392219AAA2300551FD4 /* Assets.xcassets */,
				D1BC7394219AAA2300551FD4 /* LaunchScreen.storyboard */,
				D1BC7397219AAA2300551FD4 /* Info.plist */,
			);
			path = KotlinIOS;
			sourceTree = "<group>";
		};
		D1BC739F219AAA2300551FD4 /* KotlinIOSTests */ = {
			isa = PBXGroup;
			children = (
				D1BC73A0219AAA2300551FD4 /* KotlinIOSTests.swift */,
				D1BC73A2219AAA2300551FD4 /* Info.plist */,
			);
			path = KotlinIOSTests;
			sourceTree = "<group>";
		};
		D1BC73AA219AAA2300551FD4 /* KotlinIOSUITests */ = {
			isa = PBXGroup;
			children = (
				D1BC73AB219AAA2300551FD4 /* KotlinIOSUITests.swift */,
				D1BC73AD219AAA2300551FD4 /* Info.plist */,
			);
			path = KotlinIOSUITests;
			sourceTree = "<group>";
		};
/* End PBXGroup section */

/* Begin PBXNativeTarget section */
		D1BC7387219AAA2100551FD4 /* KotlinIOS */ = {
			isa = PBXNativeTarget;
			buildConfigurationList = D1BC73B0219AAA2300551FD4 /* Build configuration list for PBXNativeTarget "KotlinIOS" */;
			buildPhases = (
				D1BC73BD219AAF9C00551FD4 /* ShellScript */,
				D1BC7384219AAA2100551FD4 /* Sources */,
				D1BC7385219AAA2100551FD4 /* Frameworks */,
				D1BC7386219AAA2100551FD4 /* Resources */,
				D1BC73BC219AAD5D00551FD4 /* Embed Frameworks */,
			);
			buildRules = (
			);
			dependencies = (
			);
			name = KotlinIOS;
			productName = KotlinIOS;
			productReference = D1BC7388219AAA2100551FD4 /* KotlinIOS.app */;
			productType = "com.apple.product-type.application";
		};
		D1BC739B219AAA2300551FD4 /* KotlinIOSTests */ = {
			isa = PBXNativeTarget;
			buildConfigurationList = D1BC73B3219AAA2300551FD4 /* Build configuration list for PBXNativeTarget "KotlinIOSTests" */;
			buildPhases = (
				D1BC7398219AAA2300551FD4 /* Sources */,
				D1BC7399219AAA2300551FD4 /* Frameworks */,
				D1BC739A219AAA2300551FD4 /* Resources */,
			);
			buildRules = (
			);
			dependencies = (
				D1BC739E219AAA2300551FD4 /* PBXTargetDependency */,
			);
			name = KotlinIOSTests;
			productName = KotlinIOSTests;
			productReference = D1BC739C219AAA2300551FD4 /* KotlinIOSTests.xctest */;
			productType = "com.apple.product-type.bundle.unit-test";
		};
		D1BC73A6219AAA2300551FD4 /* KotlinIOSUITests */ = {
			isa = PBXNativeTarget;
			buildConfigurationList = D1BC73B6219AAA2300551FD4 /* Build configuration list for PBXNativeTarget "KotlinIOSUITests" */;
			buildPhases = (
				D1BC73A3219AAA2300551FD4 /* Sources */,
				D1BC73A4219AAA2300551FD4 /* Frameworks */,
				D1BC73A5219AAA2300551FD4 /* Resources */,
			);
			buildRules = (
			);
			dependencies = (
				D1BC73A9219AAA2300551FD4 /* PBXTargetDependency */,
			);
			name = KotlinIOSUITests;
			productName = KotlinIOSUITests;
			productReference = D1BC73A7219AAA2300551FD4 /* KotlinIOSUITests.xctest */;
			productType = "com.apple.product-type.bundle.ui-testing";
		};
/* End PBXNativeTarget section */

/* Begin PBXProject section */
		D1BC7380219AAA2100551FD4 /* Project object */ = {
			isa = PBXProject;
			attributes = {
				LastSwiftUpdateCheck = 1010;
				LastUpgradeCheck = 1010;
				ORGANIZATIONNAME = "Hannes Achleitner";
				TargetAttributes = {
					D1BC7387219AAA2100551FD4 = {
						CreatedOnToolsVersion = 10.1;
					};
					D1BC739B219AAA2300551FD4 = {
						CreatedOnToolsVersion = 10.1;
						TestTargetID = D1BC7387219AAA2100551FD4;
					};
					D1BC73A6219AAA2300551FD4 = {
						CreatedOnToolsVersion = 10.1;
						TestTargetID = D1BC7387219AAA2100551FD4;
					};
				};
			};
			buildConfigurationList = D1BC7383219AAA2100551FD4 /* Build configuration list for PBXProject "KotlinIOS" */;
			compatibilityVersion = "Xcode 9.3";
			developmentRegion = en;
			hasScannedForEncodings = 0;
			knownRegions = (
				en,
				Base,
			);
			mainGroup = D1BC737F219AAA2100551FD4;
			productRefGroup = D1BC7389219AAA2100551FD4 /* Products */;
			projectDirPath = "";
			projectRoot = "";
			targets = (
				D1BC7387219AAA2100551FD4 /* KotlinIOS */,
				D1BC739B219AAA2300551FD4 /* KotlinIOSTests */,
				D1BC73A6219AAA2300551FD4 /* KotlinIOSUITests */,
			);
		};
/* End PBXProject section */

/* Begin PBXResourcesBuildPhase section */
		D1BC7386219AAA2100551FD4 /* Resources */ = {
			isa = PBXResourcesBuildPhase;
			buildActionMask = 2147483647;
			files = (
				D1BC7396219AAA2300551FD4 /* LaunchScreen.storyboard in Resources */,
				D1BC7393219AAA2300551FD4 /* Assets.xcassets in Resources */,
				D1BC7391219AAA2100551FD4 /* Main.storyboard in Resources */,
			);
			runOnlyForDeploymentPostprocessing = 0;
		};
		D1BC739A219AAA2300551FD4 /* Resources */ = {
			isa = PBXResourcesBuildPhase;
			buildActionMask = 2147483647;
			files = (
			);
			runOnlyForDeploymentPostprocessing = 0;
		};
		D1BC73A5219AAA2300551FD4 /* Resources */ = {
			isa = PBXResourcesBuildPhase;
			buildActionMask = 2147483647;
			files = (
			);
			runOnlyForDeploymentPostprocessing = 0;
		};
/* End PBXResourcesBuildPhase section */

/* Begin PBXShellScriptBuildPhase section */
		D1BC73BD219AAF9C00551FD4 /* ShellScript */ = {
			isa = PBXShellScriptBuildPhase;
			buildActionMask = 2147483647;
			files = (
			);
			inputFileListPaths = (
			);
			inputPaths = (
			);
			outputFileListPaths = (
			);
			outputPaths = (
			);
			runOnlyForDeploymentPostprocessing = 0;
			shellPath = /bin/sh;
			shellScript = "\ncd \"$SRCROOT/../../SharedCode/build/xcode-frameworks\"\n./gradlew :SharedCode:packForXCode -PXCODE_CONFIGURATION=${CONFIGURATION}\n";
		};
/* End PBXShellScriptBuildPhase section */

/* Begin PBXSourcesBuildPhase section */
		D1BC7384219AAA2100551FD4 /* Sources */ = {
			isa = PBXSourcesBuildPhase;
			buildActionMask = 2147483647;
			files = (
				D1BC738E219AAA2100551FD4 /* ViewController.swift in Sources */,
				D1BC738C219AAA2100551FD4 /* AppDelegate.swift in Sources */,
			);
			runOnlyForDeploymentPostprocessing = 0;
		};
		D1BC7398219AAA2300551FD4 /* Sources */ = {
			isa = PBXSourcesBuildPhase;
			buildActionMask = 2147483647;
			files = (
				D1BC73A1219AAA2300551FD4 /* KotlinIOSTests.swift in Sources */,
			);
			runOnlyForDeploymentPostprocessing = 0;
		};
		D1BC73A3219AAA2300551FD4 /* Sources */ = {
			isa = PBXSourcesBuildPhase;
			buildActionMask = 2147483647;
			files = (
				D1BC73AC219AAA2300551FD4 /* KotlinIOSUITests.swift in Sources */,
			);
			runOnlyForDeploymentPostprocessing = 0;
		};
/* End PBXSourcesBuildPhase section */

/* Begin PBXTargetDependency section */
		D1BC739E219AAA2300551FD4 /* PBXTargetDependency */ = {
			isa = PBXTargetDependency;
			target = D1BC7387219AAA2100551FD4 /* KotlinIOS */;
			targetProxy = D1BC739D219AAA2300551FD4 /* PBXContainerItemProxy */;
		};
		D1BC73A9219AAA2300551FD4 /* PBXTargetDependency */ = {
			isa = PBXTargetDependency;
			target = D1BC7387219AAA2100551FD4 /* KotlinIOS */;
			targetProxy = D1BC73A8219AAA2300551FD4 /* PBXContainerItemProxy */;
		};
/* End PBXTargetDependency section */

/* Begin PBXVariantGroup section */
		D1BC738F219AAA2100551FD4 /* Main.storyboard */ = {
			isa = PBXVariantGroup;
			children = (
				D1BC7390219AAA2100551FD4 /* Base */,
			);
			name = Main.storyboard;
			sourceTree = "<group>";
		};
		D1BC7394219AAA2300551FD4 /* LaunchScreen.storyboard */ = {
			isa = PBXVariantGroup;
			children = (
				D1BC7395219AAA2300551FD4 /* Base */,
			);
			name = LaunchScreen.storyboard;
			sourceTree = "<group>";
		};
/* End PBXVariantGroup section */

/* Begin XCBuildConfiguration section */
		D1BC73AE219AAA2300551FD4 /* Debug */ = {
			isa = XCBuildConfiguration;
			buildSettings = {
				ALWAYS_SEARCH_USER_PATHS = NO;
				CLANG_ANALYZER_NONNULL = YES;
				CLANG_ANALYZER_NUMBER_OBJECT_CONVERSION = YES_AGGRESSIVE;
				CLANG_CXX_LANGUAGE_STANDARD = "gnu++14";
				CLANG_CXX_LIBRARY = "libc++";
				CLANG_ENABLE_MODULES = YES;
				CLANG_ENABLE_OBJC_ARC = YES;
				CLANG_ENABLE_OBJC_WEAK = YES;
				CLANG_WARN_BLOCK_CAPTURE_AUTORELEASING = YES;
				CLANG_WARN_BOOL_CONVERSION = YES;
				CLANG_WARN_COMMA = YES;
				CLANG_WARN_CONSTANT_CONVERSION = YES;
				CLANG_WARN_DEPRECATED_OBJC_IMPLEMENTATIONS = YES;
				CLANG_WARN_DIRECT_OBJC_ISA_USAGE = YES_ERROR;
				CLANG_WARN_DOCUMENTATION_COMMENTS = YES;
				CLANG_WARN_EMPTY_BODY = YES;
				CLANG_WARN_ENUM_CONVERSION = YES;
				CLANG_WARN_INFINITE_RECURSION = YES;
				CLANG_WARN_INT_CONVERSION = YES;
				CLANG_WARN_NON_LITERAL_NULL_CONVERSION = YES;
				CLANG_WARN_OBJC_IMPLICIT_RETAIN_SELF = YES;
				CLANG_WARN_OBJC_LITERAL_CONVERSION = YES;
				CLANG_WARN_OBJC_ROOT_CLASS = YES_ERROR;
				CLANG_WARN_RANGE_LOOP_ANALYSIS = YES;
				CLANG_WARN_STRICT_PROTOTYPES = YES;
				CLANG_WARN_SUSPICIOUS_MOVE = YES;
				CLANG_WARN_UNGUARDED_AVAILABILITY = YES_AGGRESSIVE;
				CLANG_WARN_UNREACHABLE_CODE = YES;
				CLANG_WARN__DUPLICATE_METHOD_MATCH = YES;
				CODE_SIGN_IDENTITY = "iPhone Developer";
				COPY_PHASE_STRIP = NO;
				DEBUG_INFORMATION_FORMAT = dwarf;
				ENABLE_STRICT_OBJC_MSGSEND = YES;
				ENABLE_TESTABILITY = YES;
				GCC_C_LANGUAGE_STANDARD = gnu11;
				GCC_DYNAMIC_NO_PIC = NO;
				GCC_NO_COMMON_BLOCKS = YES;
				GCC_OPTIMIZATION_LEVEL = 0;
				GCC_PREPROCESSOR_DEFINITIONS = (
					"DEBUG=1",
					"$(inherited)",
				);
				GCC_WARN_64_TO_32_BIT_CONVERSION = YES;
				GCC_WARN_ABOUT_RETURN_TYPE = YES_ERROR;
				GCC_WARN_UNDECLARED_SELECTOR = YES;
				GCC_WARN_UNINITIALIZED_AUTOS = YES_AGGRESSIVE;
				GCC_WARN_UNUSED_FUNCTION = YES;
				GCC_WARN_UNUSED_VARIABLE = YES;
				IPHONEOS_DEPLOYMENT_TARGET = 12.1;
				MTL_ENABLE_DEBUG_INFO = INCLUDE_SOURCE;
				MTL_FAST_MATH = YES;
				ONLY_ACTIVE_ARCH = YES;
				SDKROOT = iphoneos;
				SWIFT_ACTIVE_COMPILATION_CONDITIONS = DEBUG;
				SWIFT_OPTIMIZATION_LEVEL = "-Onone";
			};
			name = Debug;
		};
		D1BC73AF219AAA2300551FD4 /* Release */ = {
			isa = XCBuildConfiguration;
			buildSettings = {
				ALWAYS_SEARCH_USER_PATHS = NO;
				CLANG_ANALYZER_NONNULL = YES;
				CLANG_ANALYZER_NUMBER_OBJECT_CONVERSION = YES_AGGRESSIVE;
				CLANG_CXX_LANGUAGE_STANDARD = "gnu++14";
				CLANG_CXX_LIBRARY = "libc++";
				CLANG_ENABLE_MODULES = YES;
				CLANG_ENABLE_OBJC_ARC = YES;
				CLANG_ENABLE_OBJC_WEAK = YES;
				CLANG_WARN_BLOCK_CAPTURE_AUTORELEASING = YES;
				CLANG_WARN_BOOL_CONVERSION = YES;
				CLANG_WARN_COMMA = YES;
				CLANG_WARN_CONSTANT_CONVERSION = YES;
				CLANG_WARN_DEPRECATED_OBJC_IMPLEMENTATIONS = YES;
				CLANG_WARN_DIRECT_OBJC_ISA_USAGE = YES_ERROR;
				CLANG_WARN_DOCUMENTATION_COMMENTS = YES;
				CLANG_WARN_EMPTY_BODY = YES;
				CLANG_WARN_ENUM_CONVERSION = YES;
				CLANG_WARN_INFINITE_RECURSION = YES;
				CLANG_WARN_INT_CONVERSION = YES;
				CLANG_WARN_NON_LITERAL_NULL_CONVERSION = YES;
				CLANG_WARN_OBJC_IMPLICIT_RETAIN_SELF = YES;
				CLANG_WARN_OBJC_LITERAL_CONVERSION = YES;
				CLANG_WARN_OBJC_ROOT_CLASS = YES_ERROR;
				CLANG_WARN_RANGE_LOOP_ANALYSIS = YES;
				CLANG_WARN_STRICT_PROTOTYPES = YES;
				CLANG_WARN_SUSPICIOUS_MOVE = YES;
				CLANG_WARN_UNGUARDED_AVAILABILITY = YES_AGGRESSIVE;
				CLANG_WARN_UNREACHABLE_CODE = YES;
				CLANG_WARN__DUPLICATE_METHOD_MATCH = YES;
				CODE_SIGN_IDENTITY = "iPhone Developer";
				COPY_PHASE_STRIP = NO;
				DEBUG_INFORMATION_FORMAT = "dwarf-with-dsym";
				ENABLE_NS_ASSERTIONS = NO;
				ENABLE_STRICT_OBJC_MSGSEND = YES;
				GCC_C_LANGUAGE_STANDARD = gnu11;
				GCC_NO_COMMON_BLOCKS = YES;
				GCC_WARN_64_TO_32_BIT_CONVERSION = YES;
				GCC_WARN_ABOUT_RETURN_TYPE = YES_ERROR;
				GCC_WARN_UNDECLARED_SELECTOR = YES;
				GCC_WARN_UNINITIALIZED_AUTOS = YES_AGGRESSIVE;
				GCC_WARN_UNUSED_FUNCTION = YES;
				GCC_WARN_UNUSED_VARIABLE = YES;
				IPHONEOS_DEPLOYMENT_TARGET = 12.1;
				MTL_ENABLE_DEBUG_INFO = NO;
				MTL_FAST_MATH = YES;
				SDKROOT = iphoneos;
				SWIFT_COMPILATION_MODE = wholemodule;
				SWIFT_OPTIMIZATION_LEVEL = "-O";
				VALIDATE_PRODUCT = YES;
			};
			name = Release;
		};
		D1BC73B1219AAA2300551FD4 /* Debug */ = {
			isa = XCBuildConfiguration;
			buildSettings = {
				ASSETCATALOG_COMPILER_APPICON_NAME = AppIcon;
				CODE_SIGN_STYLE = Automatic;
				ENABLE_BITCODE = NO;
				FRAMEWORK_SEARCH_PATHS = "$(SRCROOT)/../../SharedCode/build/xcode-frameworks";
				INFOPLIST_FILE = KotlinIOS/Info.plist;
				LD_RUNPATH_SEARCH_PATHS = (
					"$(inherited)",
					"@executable_path/Frameworks",
				);
				PRODUCT_BUNDLE_IDENTIFIER = none.KotlinIOS;
				PRODUCT_NAME = "$(TARGET_NAME)";
				SWIFT_VERSION = 4.2;
				TARGETED_DEVICE_FAMILY = "1,2";
			};
			name = Debug;
		};
		D1BC73B2219AAA2300551FD4 /* Release */ = {
			isa = XCBuildConfiguration;
			buildSettings = {
				ASSETCATALOG_COMPILER_APPICON_NAME = AppIcon;
				CODE_SIGN_STYLE = Automatic;
				ENABLE_BITCODE = NO;
				FRAMEWORK_SEARCH_PATHS = "$(SRCROOT)/../../SharedCode/build/xcode-frameworks";
				INFOPLIST_FILE = KotlinIOS/Info.plist;
				LD_RUNPATH_SEARCH_PATHS = (
					"$(inherited)",
					"@executable_path/Frameworks",
				);
				PRODUCT_BUNDLE_IDENTIFIER = none.KotlinIOS;
				PRODUCT_NAME = "$(TARGET_NAME)";
				SWIFT_VERSION = 4.2;
				TARGETED_DEVICE_FAMILY = "1,2";
			};
			name = Release;
		};
		D1BC73B4219AAA2300551FD4 /* Debug */ = {
			isa = XCBuildConfiguration;
			buildSettings = {
				ALWAYS_EMBED_SWIFT_STANDARD_LIBRARIES = YES;
				BUNDLE_LOADER = "$(TEST_HOST)";
				CODE_SIGN_STYLE = Automatic;
				INFOPLIST_FILE = KotlinIOSTests/Info.plist;
				LD_RUNPATH_SEARCH_PATHS = (
					"$(inherited)",
					"@executable_path/Frameworks",
					"@loader_path/Frameworks",
				);
				PRODUCT_BUNDLE_IDENTIFIER = none.KotlinIOSTests;
				PRODUCT_NAME = "$(TARGET_NAME)";
				SWIFT_VERSION = 4.2;
				TARGETED_DEVICE_FAMILY = "1,2";
				TEST_HOST = "$(BUILT_PRODUCTS_DIR)/KotlinIOS.app/KotlinIOS";
			};
			name = Debug;
		};
		D1BC73B5219AAA2300551FD4 /* Release */ = {
			isa = XCBuildConfiguration;
			buildSettings = {
				ALWAYS_EMBED_SWIFT_STANDARD_LIBRARIES = YES;
				BUNDLE_LOADER = "$(TEST_HOST)";
				CODE_SIGN_STYLE = Automatic;
				INFOPLIST_FILE = KotlinIOSTests/Info.plist;
				LD_RUNPATH_SEARCH_PATHS = (
					"$(inherited)",
					"@executable_path/Frameworks",
					"@loader_path/Frameworks",
				);
				PRODUCT_BUNDLE_IDENTIFIER = none.KotlinIOSTests;
				PRODUCT_NAME = "$(TARGET_NAME)";
				SWIFT_VERSION = 4.2;
				TARGETED_DEVICE_FAMILY = "1,2";
				TEST_HOST = "$(BUILT_PRODUCTS_DIR)/KotlinIOS.app/KotlinIOS";
			};
			name = Release;
		};
		D1BC73B7219AAA2300551FD4 /* Debug */ = {
			isa = XCBuildConfiguration;
			buildSettings = {
				ALWAYS_EMBED_SWIFT_STANDARD_LIBRARIES = YES;
				CODE_SIGN_STYLE = Automatic;
				INFOPLIST_FILE = KotlinIOSUITests/Info.plist;
				LD_RUNPATH_SEARCH_PATHS = (
					"$(inherited)",
					"@executable_path/Frameworks",
					"@loader_path/Frameworks",
				);
				PRODUCT_BUNDLE_IDENTIFIER = none.KotlinIOSUITests;
				PRODUCT_NAME = "$(TARGET_NAME)";
				SWIFT_VERSION = 4.2;
				TARGETED_DEVICE_FAMILY = "1,2";
				TEST_TARGET_NAME = KotlinIOS;
			};
			name = Debug;
		};
		D1BC73B8219AAA2300551FD4 /* Release */ = {
			isa = XCBuildConfiguration;
			buildSettings = {
				ALWAYS_EMBED_SWIFT_STANDARD_LIBRARIES = YES;
				CODE_SIGN_STYLE = Automatic;
				INFOPLIST_FILE = KotlinIOSUITests/Info.plist;
				LD_RUNPATH_SEARCH_PATHS = (
					"$(inherited)",
					"@executable_path/Frameworks",
					"@loader_path/Frameworks",
				);
				PRODUCT_BUNDLE_IDENTIFIER = none.KotlinIOSUITests;
				PRODUCT_NAME = "$(TARGET_NAME)";
				SWIFT_VERSION = 4.2;
				TARGETED_DEVICE_FAMILY = "1,2";
				TEST_TARGET_NAME = KotlinIOS;
			};
			name = Release;
		};
/* End XCBuildConfiguration section */

/* Begin XCConfigurationList section */
		D1BC7383219AAA2100551FD4 /* Build configuration list for PBXProject "KotlinIOS" */ = {
			isa = XCConfigurationList;
			buildConfigurations = (
				D1BC73AE219AAA2300551FD4 /* Debug */,
				D1BC73AF219AAA2300551FD4 /* Release */,
			);
			defaultConfigurationIsVisible = 0;
			defaultConfigurationName = Release;
		};
		D1BC73B0219AAA2300551FD4 /* Build configuration list for PBXNativeTarget "KotlinIOS" */ = {
			isa = XCConfigurationList;
			buildConfigurations = (
				D1BC73B1219AAA2300551FD4 /* Debug */,
				D1BC73B2219AAA2300551FD4 /* Release */,
			);
			defaultConfigurationIsVisible = 0;
			defaultConfigurationName = Release;
		};
		D1BC73B3219AAA2300551FD4 /* Build configuration list for PBXNativeTarget "KotlinIOSTests" */ = {
			isa = XCConfigurationList;
			buildConfigurations = (
				D1BC73B4219AAA2300551FD4 /* Debug */,
				D1BC73B5219AAA2300551FD4 /* Release */,
			);
			defaultConfigurationIsVisible = 0;
			defaultConfigurationName = Release;
		};
		D1BC73B6219AAA2300551FD4 /* Build configuration list for PBXNativeTarget "KotlinIOSUITests" */ = {
			isa = XCConfigurationList;
			buildConfigurations = (
				D1BC73B7219AAA2300551FD4 /* Debug */,
				D1BC73B8219AAA2300551FD4 /* Release */,
			);
			defaultConfigurationIsVisible = 0;
			defaultConfigurationName = Release;
		};
/* End XCConfigurationList section */
	};
	rootObject = D1BC7380219AAA2100551FD4 /* Project object */;
}
